
Microsoft Visual Studio Solution File, Format Version 12.00
# Visual Studio 15
VisualStudioVersion = 15.0.27428.2037
MinimumVisualStudioVersion = 10.0.40219.1
Project("{9A19103F-16F7-4668-BE54-9A1E7A4F7556}") = "FarfetchExercise", "FarfetchExercise\FarfetchExercise.csproj", "{A1DC5D67-075C-462A-836D-AC00A3B05CEA}"
EndProject
Project("{FAE04EC0-301F-11D3-BF4B-00C04F79EFBC}") = "Tests", "Tests\Tests.csproj", "{C359FB2C-E178-433C-95F9-9BD923B3EC21}"
EndProject
Global
	GlobalSection(SolutionConfigurationPlatforms) = preSolution
		Debug|Any CPU = Debug|Any CPU
		Release|Any CPU = Release|Any CPU
	EndGlobalSection
	GlobalSection(ProjectConfigurationPlatforms) = postSolution
		{A1DC5D67-075C-462A-836D-AC00A3B05CEA}.Debug|Any CPU.ActiveCfg = Debug|Any CPU
		{A1DC5D67-075C-462A-836D-AC00A3B05CEA}.Debug|Any CPU.Build.0 = Debug|Any CPU
		{A1DC5D67-075C-462A-836D-AC00A3B05CEA}.Release|Any CPU.ActiveCfg = Release|Any CPU
		{A1DC5D67-075C-462A-836D-AC00A3B05CEA}.Release|Any CPU.Build.0 = Release|Any CPU
		{C359FB2C-E178-433C-95F9-9BD923B3EC21}.Debug|Any CPU.ActiveCfg = Debug|Any CPU
		{C359FB2C-E178-433C-95F9-9BD923B3EC21}.Debug|Any CPU.Build.0 = Debug|Any CPU
		{C359FB2C-E178-433C-95F9-9BD923B3EC21}.Release|Any CPU.ActiveCfg = Release|Any CPU
		{C359FB2C-E178-433C-95F9-9BD923B3EC21}.Release|Any CPU.Build.0 = Release|Any CPU
	EndGlobalSection
	GlobalSection(SolutionProperties) = preSolution
		HideSolutionNode = FALSE
	EndGlobalSection
	GlobalSection(ExtensibilityGlobals) = postSolution
		SolutionGuid = {659894D6-AD9E-4BF9-8EA4-F2FF0C023A36}
	EndGlobalSection
EndGlobal
